<?xml version="1.0" encoding="utf-8"?>
<Project ToolsVersion="4.0" xmlns="http://schemas.microsoft.com/developer/msbuild/2003">
  <ItemGroup>
    <Filter Include="Source Files">
      <UniqueIdentifier>{4FC737F1-C7A5-4376-A066-2A32D752A2FF}</UniqueIdentifier>
      <Extensions>cpp;c;cc;cxx;def;odl;idl;hpj;bat;asm;asmx</Extensions>
    </Filter>
    <Filter Include="Header Files">
      <UniqueIdentifier>{93995380-89BD-4b04-88EB-625FBE52EBFB}</UniqueIdentifier>
      <Extensions>h;hh;hpp;hxx;hm;inl;inc;ipp;xsd</Extensions>
    </Filter>
    <Filter Include="Resource Files">
      <UniqueIdentifier>{67DA6AB6-F800-4c08-8B7A-83BB121AAD01}</UniqueIdentifier>
      <Extensions>rc;ico;cur;bmp;dlg;rc2;rct;bin;rgs;gif;jpg;jpeg;jpe;resx;tiff;tif;png;wav;mfcribbon-ms</Extensions>
    </Filter>
  </ItemGroup>
  <ItemGroup>
    <ClCompile Include="source\Application\InputMonitor.cpp">
      <Filter>Source Files</Filter>
    </ClCompile>
    <ClCompile Include="source\IMGUI\imgui.cpp">
      <Filter>Source Files</Filter>
    </ClCompile>
    <ClCompile Include="source\IMGUI\imgui_demo.cpp">
      <Filter>Source Files</Filter>
    </ClCompile>
    <ClCompile Include="source\IMGUI\imgui_draw.cpp">
      <Filter>Source Files</Filter>
    </ClCompile>
    <ClCompile Include="source\IMGUI\imgui_impl_glfw_gl3.cpp">
      <Filter>Source Files</Filter>
    </ClCompile>
    <ClCompile Include="source\Application\Program\Program.cpp">
      <Filter>Source Files</Filter>
    </ClCompile>
    <ClCompile Include="source\Application\Program\RendererProgram.cpp">
      <Filter>Source Files</Filter>
    </ClCompile>
    <ClCompile Include="source\Objects\RenderCamera.cpp">
      <Filter>Source Files</Filter>
    </ClCompile>
    <ClCompile Include="source\Wrappers\ShaderWrapper.cpp">
      <Filter>Source Files</Filter>
    </ClCompile>
    <ClCompile Include="source\Objects\Light\PhongLight.cpp">
      <Filter>Source Files</Filter>
    </ClCompile>
    <ClCompile Include="source\Objects\Light\PhongLight_Dir.cpp">
      <Filter>Source Files</Filter>
    </ClCompile>
    <ClCompile Include="source\Objects\Light\PhongLight_Point.cpp">
      <Filter>Source Files</Filter>
    </ClCompile>
    <ClCompile Include="source\Objects\Light\PhongLight_Spot.cpp">
      <Filter>Source Files</Filter>
    </ClCompile>
    <ClCompile Include="source\Wrappers\Texture\RenderTexture.cpp">
      <Filter>Source Files</Filter>
    </ClCompile>
    <ClCompile Include="source\Wrappers\Texture\Texture.cpp">
      <Filter>Source Files</Filter>
    </ClCompile>
    <ClCompile Include="source\Wrappers\Texture\TextureWrapperBase.cpp">
      <Filter>Source Files</Filter>
    </ClCompile>
    <ClCompile Include="source\Wrappers\PostProcessing.cpp">
      <Filter>Source Files</Filter>
    </ClCompile>
    <ClCompile Include="source\Wrappers\Mesh.cpp">
      <Filter>Source Files</Filter>
    </ClCompile>
    <ClCompile Include="source\Objects\Model.cpp">
      <Filter>Source Files</Filter>
    </ClCompile>
    <ClCompile Include="source\Wrappers\VertexFormat.cpp">
      <Filter>Source Files</Filter>
    </ClCompile>
    <ClCompile Include="source\Utility\Transform.cpp">
      <Filter>Source Files</Filter>
    </ClCompile>
    <ClCompile Include="source\Wrappers\Gizmos.cpp">
      <Filter>Source Files</Filter>
    </ClCompile>
    <ClCompile Include="source\Wrappers\gl_core_4_4.c">
      <Filter>Source Files</Filter>
    </ClCompile>
    <ClCompile Include="source\main.cpp">
      <Filter>Source Files</Filter>
    </ClCompile>
  </ItemGroup>
  <ItemGroup>
    <ClInclude Include="source\Application\InputMonitor.h">
      <Filter>Header Files</Filter>
    </ClInclude>
    <ClInclude Include="source\Application\Program\Program.h">
      <Filter>Header Files</Filter>
    </ClInclude>
    <ClInclude Include="source\Application\Program\RendererProgram.h">
      <Filter>Header Files</Filter>
    </ClInclude>
    <ClInclude Include="source\Objects\RenderCamera.h">
      <Filter>Header Files</Filter>
    </ClInclude>
    <ClInclude Include="source\Objects\Light\PhongLight.h">
      <Filter>Header Files</Filter>
    </ClInclude>
    <ClInclude Include="source\Objects\Light\PhongLight_Dir.h">
      <Filter>Header Files</Filter>
    </ClInclude>
    <ClInclude Include="source\Objects\Light\PhongLight_Point.h">
      <Filter>Header Files</Filter>
    </ClInclude>
    <ClInclude Include="source\Objects\Light\PhongLight_Spot.h">
      <Filter>Header Files</Filter>
    </ClInclude>
    <ClInclude Include="source\Wrappers\Texture\RenderTexture.h">
      <Filter>Header Files</Filter>
    </ClInclude>
    <ClInclude Include="source\Wrappers\Texture\Texture.h">
      <Filter>Header Files</Filter>
    </ClInclude>
    <ClInclude Include="source\Wrappers\Texture\TextureWrapperBase.h">
      <Filter>Header Files</Filter>
    </ClInclude>
    <ClInclude Include="source\Wrappers\ShaderWrapper.h">
      <Filter>Header Files</Filter>
    </ClInclude>
    <ClInclude Include="source\Wrappers\PostProcessing.h">
      <Filter>Header Files</Filter>
    </ClInclude>
    <ClInclude Include="source\Wrappers\Mesh.h">
      <Filter>Header Files</Filter>
    </ClInclude>
    <ClInclude Include="source\Objects\Model.h">
      <Filter>Header Files</Filter>
    </ClInclude>
    <ClInclude Include="source\Wrappers\VertexFormat.h">
      <Filter>Header Files</Filter>
    </ClInclude>
    <ClInclude Include="source\Utility\Renderer_Utility_Funcs.h">
      <Filter>Header Files</Filter>
    </ClInclude>
    <ClInclude Include="source\Utility\Renderer_Utility_Literals.h">
      <Filter>Header Files</Filter>
    </ClInclude>
    <ClInclude Include="source\Utility\Transform.h">
      <Filter>Header Files</Filter>
    </ClInclude>
    <ClInclude Include="source\Utility\Vertex.h">
      <Filter>Header Files</Filter>
    </ClInclude>
    <ClInclude Include="source\Wrappers\gl_core_4_4.h">
      <Filter>Header Files</Filter>
    </ClInclude>
  </ItemGroup>
  <ItemGroup>
    <None Include="BUILD\shaders\phong\forward_ambient.frag" />
    <None Include="BUILD\shaders\phong\forward_ambient.vert" />
    <None Include="BUILD\shaders\phong\forward_directional.frag" />
    <None Include="BUILD\shaders\phong\forward_spot.frag" />
    <None Include="BUILD\shaders\old\base.frag" />
    <None Include="BUILD\shaders\old\base.vert" />
    <None Include="BUILD\shaders\old\base_lit_color.frag" />
    <None Include="BUILD\shaders\old\base_lit_fixed.frag" />
    <None Include="BUILD\shaders\old\base_mix.frag" />
    <None Include="BUILD\shaders\post\post_base.vert" />
    <None Include="BUILD\shaders\post\post_gamma.frag" />
    <None Include="BUILD\shaders\phong\forward_light.vert" />
    <None Include="BUILD\shaders\phong\forward_header.glsl" />
    <None Include="BUILD\shaders\phong\forward_point.frag" />
    <None Include="BUILD\shaders\post\post_default.frag" />
    <None Include="BUILD\shaders\post\post_invert.frag" />
    <None Include="BUILD\shaders\post\post_sharpen.frag" />
    <None Include="BUILD\shaders\post\post_blur.frag" />
    <None Include="BUILD\shaders\post\post_edge.frag" />
    <None Include="BUILD\shaders\debug\visualise_normals.geom" />
    <None Include="BUILD\shaders\debug\visualise_normals.frag" />
    <None Include="BUILD\shaders\debug\visualise_normals.vert" />
  </ItemGroup>
</Project>